Microsoft Visual Studio Solution File, Format Version 12.00
# Visual Studio Version 17
VisualStudioVersion = 17.5.2.0
MinimumVisualStudioVersion = 10.0.40219.1
Project("{FAE04EC0-301F-11D3-BF4B-00C04F79EFBC}") = "Boca", "src\Boca.csproj", "{ABC1CC4B-A2AE-5179-4DF5-69C1CEDFC6F8}"
EndProject
Global
	GlobalSection(SolutionConfigurationPlatforms) = preSolution
		Debug|Any CPU = Debug|Any CPU
		Release|Any CPU = Release|Any CPU
	EndGlobalSection
	GlobalSection(ProjectConfigurationPlatforms) = postSolution
		{ABC1CC4B-A2AE-5179-4DF5-69C1CEDFC6F8}.Debug|Any CPU.ActiveCfg = Debug|Any CPU
		{ABC1CC4B-A2AE-5179-4DF5-69C1CEDFC6F8}.Debug|Any CPU.Build.0 = Debug|Any CPU
		{ABC1CC4B-A2AE-5179-4DF5-69C1CEDFC6F8}.Release|Any CPU.ActiveCfg = Release|Any CPU
		{ABC1CC4B-A2AE-5179-4DF5-69C1CEDFC6F8}.Release|Any CPU.Build.0 = Release|Any CPU
	EndGlobalSection
	GlobalSection(SolutionProperties) = preSolution
		HideSolutionNode = FALSE
	EndGlobalSection
	GlobalSection(ExtensibilityGlobals) = postSolution
		SolutionGuid = {169D7B84-EE5A-41E7-9522-704219CC6878}
	EndGlobalSection
EndGlobal
